
Microsoft Visual Studio Solution File, Format Version 12.00
Project("{FAE04EC0-301F-11D3-BF4B-00C04F79EFBC}") = "CarFactory", "CarFactory.csproj", "{F7D630D9-3D9F-409F-B65A-8BF7218FDAAA}"
EndProject
Global
	GlobalSection(SolutionConfigurationPlatforms) = preSolution
		Debug|Any CPU = Debug|Any CPU
		Release|Any CPU = Release|Any CPU
	EndGlobalSection
	GlobalSection(ProjectConfigurationPlatforms) = postSolution
		{F7D630D9-3D9F-409F-B65A-8BF7218FDAAA}.Debug|Any CPU.ActiveCfg = Debug|Any CPU
		{F7D630D9-3D9F-409F-B65A-8BF7218FDAAA}.Debug|Any CPU.Build.0 = Debug|Any CPU
		{F7D630D9-3D9F-409F-B65A-8BF7218FDAAA}.Release|Any CPU.ActiveCfg = Release|Any CPU
		{F7D630D9-3D9F-409F-B65A-8BF7218FDAAA}.Release|Any CPU.Build.0 = Release|Any CPU
	EndGlobalSection
EndGlobal
