
Microsoft Visual Studio Solution File, Format Version 12.00
Project("{FAE04EC0-301F-11D3-BF4B-00C04F79EFBC}") = "Casino", "Casino.csproj", "{60D7D951-9146-427E-9470-6478E1AED5CC}"
EndProject
Global
	GlobalSection(SolutionConfigurationPlatforms) = preSolution
		Debug|Any CPU = Debug|Any CPU
		Release|Any CPU = Release|Any CPU
	EndGlobalSection
	GlobalSection(ProjectConfigurationPlatforms) = postSolution
		{60D7D951-9146-427E-9470-6478E1AED5CC}.Debug|Any CPU.ActiveCfg = Debug|Any CPU
		{60D7D951-9146-427E-9470-6478E1AED5CC}.Debug|Any CPU.Build.0 = Debug|Any CPU
		{60D7D951-9146-427E-9470-6478E1AED5CC}.Release|Any CPU.ActiveCfg = Release|Any CPU
		{60D7D951-9146-427E-9470-6478E1AED5CC}.Release|Any CPU.Build.0 = Release|Any CPU
	EndGlobalSection
EndGlobal
